
Microsoft Visual Studio Solution File, Format Version 12.00
# Visual Studio 15
VisualStudioVersion = 15.0.27428.1
MinimumVisualStudioVersion = 10.0.40219.1
Project("{9A19103F-16F7-4668-BE54-9A1E7A4F7556}") = "UI-MVC", "UI-MVC\UI-MVC.csproj", "{DF017AE3-2763-4725-8851-7B226FC62990}"
EndProject
Project("{9A19103F-16F7-4668-BE54-9A1E7A4F7556}") = "Domain", "Domain\Domain.csproj", "{46F5943B-C2CD-41D5-A63C-81904D1D7CAF}"
EndProject
Project("{9A19103F-16F7-4668-BE54-9A1E7A4F7556}") = "DAL", "DAL\DAL.csproj", "{AE6F5D1E-5580-46F0-860F-7A859B07E3F6}"
EndProject
Project("{9A19103F-16F7-4668-BE54-9A1E7A4F7556}") = "BL", "BL\BL.csproj", "{506503E7-7F67-4872-871C-752ED1D158A6}"
EndProject
Project("{FAE04EC0-301F-11D3-BF4B-00C04F79EFBC}") = "UI-CA", "UI-CA\UI-CA.csproj", "{70E36689-AB8E-4D9F-882C-CCEFC5AF46E3}"
EndProject
Project("{9A19103F-16F7-4668-BE54-9A1E7A4F7556}") = "integratieDemoConsole", "integratieDemoConsole\integratieDemoConsole\integratieDemoConsole\integratieDemoConsole.csproj", "{0A263E44-AB9B-4673-A027-3D67521B2BD8}"
EndProject
Global
	GlobalSection(SolutionConfigurationPlatforms) = preSolution
		Debug|Any CPU = Debug|Any CPU
		Debug|ARM = Debug|ARM
		Debug|x64 = Debug|x64
		Debug|x86 = Debug|x86
		Release|Any CPU = Release|Any CPU
		Release|ARM = Release|ARM
		Release|x64 = Release|x64
		Release|x86 = Release|x86
	EndGlobalSection
	GlobalSection(ProjectConfigurationPlatforms) = postSolution
		{DF017AE3-2763-4725-8851-7B226FC62990}.Debug|Any CPU.ActiveCfg = Debug|Any CPU
		{DF017AE3-2763-4725-8851-7B226FC62990}.Debug|Any CPU.Build.0 = Debug|Any CPU
		{DF017AE3-2763-4725-8851-7B226FC62990}.Debug|ARM.ActiveCfg = Debug|Any CPU
		{DF017AE3-2763-4725-8851-7B226FC62990}.Debug|ARM.Build.0 = Debug|Any CPU
		{DF017AE3-2763-4725-8851-7B226FC62990}.Debug|x64.ActiveCfg = Debug|Any CPU
		{DF017AE3-2763-4725-8851-7B226FC62990}.Debug|x64.Build.0 = Debug|Any CPU
		{DF017AE3-2763-4725-8851-7B226FC62990}.Debug|x86.ActiveCfg = Debug|Any CPU
		{DF017AE3-2763-4725-8851-7B226FC62990}.Debug|x86.Build.0 = Debug|Any CPU
		{DF017AE3-2763-4725-8851-7B226FC62990}.Release|Any CPU.ActiveCfg = Release|Any CPU
		{DF017AE3-2763-4725-8851-7B226FC62990}.Release|Any CPU.Build.0 = Release|Any CPU
		{DF017AE3-2763-4725-8851-7B226FC62990}.Release|ARM.ActiveCfg = Release|Any CPU
		{DF017AE3-2763-4725-8851-7B226FC62990}.Release|ARM.Build.0 = Release|Any CPU
		{DF017AE3-2763-4725-8851-7B226FC62990}.Release|x64.ActiveCfg = Release|Any CPU
		{DF017AE3-2763-4725-8851-7B226FC62990}.Release|x64.Build.0 = Release|Any CPU
		{DF017AE3-2763-4725-8851-7B226FC62990}.Release|x86.ActiveCfg = Release|Any CPU
		{DF017AE3-2763-4725-8851-7B226FC62990}.Release|x86.Build.0 = Release|Any CPU
		{46F5943B-C2CD-41D5-A63C-81904D1D7CAF}.Debug|Any CPU.ActiveCfg = Debug|Any CPU
		{46F5943B-C2CD-41D5-A63C-81904D1D7CAF}.Debug|Any CPU.Build.0 = Debug|Any CPU
		{46F5943B-C2CD-41D5-A63C-81904D1D7CAF}.Debug|ARM.ActiveCfg = Debug|Any CPU
		{46F5943B-C2CD-41D5-A63C-81904D1D7CAF}.Debug|ARM.Build.0 = Debug|Any CPU
		{46F5943B-C2CD-41D5-A63C-81904D1D7CAF}.Debug|x64.ActiveCfg = Debug|Any CPU
		{46F5943B-C2CD-41D5-A63C-81904D1D7CAF}.Debug|x64.Build.0 = Debug|Any CPU
		{46F5943B-C2CD-41D5-A63C-81904D1D7CAF}.Debug|x86.ActiveCfg = Debug|Any CPU
		{46F5943B-C2CD-41D5-A63C-81904D1D7CAF}.Debug|x86.Build.0 = Debug|Any CPU
		{46F5943B-C2CD-41D5-A63C-81904D1D7CAF}.Release|Any CPU.ActiveCfg = Release|Any CPU
		{46F5943B-C2CD-41D5-A63C-81904D1D7CAF}.Release|Any CPU.Build.0 = Release|Any CPU
		{46F5943B-C2CD-41D5-A63C-81904D1D7CAF}.Release|ARM.ActiveCfg = Release|Any CPU
		{46F5943B-C2CD-41D5-A63C-81904D1D7CAF}.Release|ARM.Build.0 = Release|Any CPU
		{46F5943B-C2CD-41D5-A63C-81904D1D7CAF}.Release|x64.ActiveCfg = Release|Any CPU
		{46F5943B-C2CD-41D5-A63C-81904D1D7CAF}.Release|x64.Build.0 = Release|Any CPU
		{46F5943B-C2CD-41D5-A63C-81904D1D7CAF}.Release|x86.ActiveCfg = Release|Any CPU
		{46F5943B-C2CD-41D5-A63C-81904D1D7CAF}.Release|x86.Build.0 = Release|Any CPU
		{AE6F5D1E-5580-46F0-860F-7A859B07E3F6}.Debug|Any CPU.ActiveCfg = Debug|Any CPU
		{AE6F5D1E-5580-46F0-860F-7A859B07E3F6}.Debug|Any CPU.Build.0 = Debug|Any CPU
		{AE6F5D1E-5580-46F0-860F-7A859B07E3F6}.Debug|ARM.ActiveCfg = Debug|Any CPU
		{AE6F5D1E-5580-46F0-860F-7A859B07E3F6}.Debug|ARM.Build.0 = Debug|Any CPU
		{AE6F5D1E-5580-46F0-860F-7A859B07E3F6}.Debug|x64.ActiveCfg = Debug|Any CPU
		{AE6F5D1E-5580-46F0-860F-7A859B07E3F6}.Debug|x64.Build.0 = Debug|Any CPU
		{AE6F5D1E-5580-46F0-860F-7A859B07E3F6}.Debug|x86.ActiveCfg = Debug|Any CPU
		{AE6F5D1E-5580-46F0-860F-7A859B07E3F6}.Debug|x86.Build.0 = Debug|Any CPU
		{AE6F5D1E-5580-46F0-860F-7A859B07E3F6}.Release|Any CPU.ActiveCfg = Release|Any CPU
		{AE6F5D1E-5580-46F0-860F-7A859B07E3F6}.Release|Any CPU.Build.0 = Release|Any CPU
		{AE6F5D1E-5580-46F0-860F-7A859B07E3F6}.Release|ARM.ActiveCfg = Release|Any CPU
		{AE6F5D1E-5580-46F0-860F-7A859B07E3F6}.Release|ARM.Build.0 = Release|Any CPU
		{AE6F5D1E-5580-46F0-860F-7A859B07E3F6}.Release|x64.ActiveCfg = Release|Any CPU
		{AE6F5D1E-5580-46F0-860F-7A859B07E3F6}.Release|x64.Build.0 = Release|Any CPU
		{AE6F5D1E-5580-46F0-860F-7A859B07E3F6}.Release|x86.ActiveCfg = Release|Any CPU
		{AE6F5D1E-5580-46F0-860F-7A859B07E3F6}.Release|x86.Build.0 = Release|Any CPU
		{506503E7-7F67-4872-871C-752ED1D158A6}.Debug|Any CPU.ActiveCfg = Debug|Any CPU
		{506503E7-7F67-4872-871C-752ED1D158A6}.Debug|Any CPU.Build.0 = Debug|Any CPU
		{506503E7-7F67-4872-871C-752ED1D158A6}.Debug|ARM.ActiveCfg = Debug|Any CPU
		{506503E7-7F67-4872-871C-752ED1D158A6}.Debug|ARM.Build.0 = Debug|Any CPU
		{506503E7-7F67-4872-871C-752ED1D158A6}.Debug|x64.ActiveCfg = Debug|Any CPU
		{506503E7-7F67-4872-871C-752ED1D158A6}.Debug|x64.Build.0 = Debug|Any CPU
		{506503E7-7F67-4872-871C-752ED1D158A6}.Debug|x86.ActiveCfg = Debug|Any CPU
		{506503E7-7F67-4872-871C-752ED1D158A6}.Debug|x86.Build.0 = Debug|Any CPU
		{506503E7-7F67-4872-871C-752ED1D158A6}.Release|Any CPU.ActiveCfg = Release|Any CPU
		{506503E7-7F67-4872-871C-752ED1D158A6}.Release|Any CPU.Build.0 = Release|Any CPU
		{506503E7-7F67-4872-871C-752ED1D158A6}.Release|ARM.ActiveCfg = Release|Any CPU
		{506503E7-7F67-4872-871C-752ED1D158A6}.Release|ARM.Build.0 = Release|Any CPU
		{506503E7-7F67-4872-871C-752ED1D158A6}.Release|x64.ActiveCfg = Release|Any CPU
		{506503E7-7F67-4872-871C-752ED1D158A6}.Release|x64.Build.0 = Release|Any CPU
		{506503E7-7F67-4872-871C-752ED1D158A6}.Release|x86.ActiveCfg = Release|Any CPU
		{506503E7-7F67-4872-871C-752ED1D158A6}.Release|x86.Build.0 = Release|Any CPU
		{70E36689-AB8E-4D9F-882C-CCEFC5AF46E3}.Debug|Any CPU.ActiveCfg = Debug|Any CPU
		{70E36689-AB8E-4D9F-882C-CCEFC5AF46E3}.Debug|Any CPU.Build.0 = Debug|Any CPU
		{70E36689-AB8E-4D9F-882C-CCEFC5AF46E3}.Debug|ARM.ActiveCfg = Debug|Any CPU
		{70E36689-AB8E-4D9F-882C-CCEFC5AF46E3}.Debug|ARM.Build.0 = Debug|Any CPU
		{70E36689-AB8E-4D9F-882C-CCEFC5AF46E3}.Debug|x64.ActiveCfg = Debug|Any CPU
		{70E36689-AB8E-4D9F-882C-CCEFC5AF46E3}.Debug|x64.Build.0 = Debug|Any CPU
		{70E36689-AB8E-4D9F-882C-CCEFC5AF46E3}.Debug|x86.ActiveCfg = Debug|Any CPU
		{70E36689-AB8E-4D9F-882C-CCEFC5AF46E3}.Debug|x86.Build.0 = Debug|Any CPU
		{70E36689-AB8E-4D9F-882C-CCEFC5AF46E3}.Release|Any CPU.ActiveCfg = Release|Any CPU
		{70E36689-AB8E-4D9F-882C-CCEFC5AF46E3}.Release|Any CPU.Build.0 = Release|Any CPU
		{70E36689-AB8E-4D9F-882C-CCEFC5AF46E3}.Release|ARM.ActiveCfg = Release|Any CPU
		{70E36689-AB8E-4D9F-882C-CCEFC5AF46E3}.Release|ARM.Build.0 = Release|Any CPU
		{70E36689-AB8E-4D9F-882C-CCEFC5AF46E3}.Release|x64.ActiveCfg = Release|Any CPU
		{70E36689-AB8E-4D9F-882C-CCEFC5AF46E3}.Release|x64.Build.0 = Release|Any CPU
		{70E36689-AB8E-4D9F-882C-CCEFC5AF46E3}.Release|x86.ActiveCfg = Release|Any CPU
		{70E36689-AB8E-4D9F-882C-CCEFC5AF46E3}.Release|x86.Build.0 = Release|Any CPU
		{0A263E44-AB9B-4673-A027-3D67521B2BD8}.Debug|Any CPU.ActiveCfg = Debug|Any CPU
		{0A263E44-AB9B-4673-A027-3D67521B2BD8}.Debug|Any CPU.Build.0 = Debug|Any CPU
		{0A263E44-AB9B-4673-A027-3D67521B2BD8}.Debug|ARM.ActiveCfg = Debug|Any CPU
		{0A263E44-AB9B-4673-A027-3D67521B2BD8}.Debug|ARM.Build.0 = Debug|Any CPU
		{0A263E44-AB9B-4673-A027-3D67521B2BD8}.Debug|x64.ActiveCfg = Debug|Any CPU
		{0A263E44-AB9B-4673-A027-3D67521B2BD8}.Debug|x64.Build.0 = Debug|Any CPU
		{0A263E44-AB9B-4673-A027-3D67521B2BD8}.Debug|x86.ActiveCfg = Debug|Any CPU
		{0A263E44-AB9B-4673-A027-3D67521B2BD8}.Debug|x86.Build.0 = Debug|Any CPU
		{0A263E44-AB9B-4673-A027-3D67521B2BD8}.Release|Any CPU.ActiveCfg = Release|Any CPU
		{0A263E44-AB9B-4673-A027-3D67521B2BD8}.Release|Any CPU.Build.0 = Release|Any CPU
		{0A263E44-AB9B-4673-A027-3D67521B2BD8}.Release|ARM.ActiveCfg = Release|Any CPU
		{0A263E44-AB9B-4673-A027-3D67521B2BD8}.Release|ARM.Build.0 = Release|Any CPU
		{0A263E44-AB9B-4673-A027-3D67521B2BD8}.Release|x64.ActiveCfg = Release|Any CPU
		{0A263E44-AB9B-4673-A027-3D67521B2BD8}.Release|x64.Build.0 = Release|Any CPU
		{0A263E44-AB9B-4673-A027-3D67521B2BD8}.Release|x86.ActiveCfg = Release|Any CPU
		{0A263E44-AB9B-4673-A027-3D67521B2BD8}.Release|x86.Build.0 = Release|Any CPU
	EndGlobalSection
	GlobalSection(SolutionProperties) = preSolution
		HideSolutionNode = FALSE
	EndGlobalSection
	GlobalSection(ExtensibilityGlobals) = postSolution
		SolutionGuid = {B9B6EB63-48DA-476A-937F-26C3B2DACDCE}
	EndGlobalSection
EndGlobal
